// !$*UTF8*$!
{
	archiveVersion = 1;
	classes = {
	};
	objectVersion = 46;
	objects = {

/* Begin PBXBuildFile section */
		95FF93E71C6A3918007CB25E /* main.m in Sources */ = {isa = PBXBuildFile; fileRef = 95FF93E61C6A3918007CB25E /* main.m */; };
		95FF93EA1C6A3918007CB25E /* AppDelegate.m in Sources */ = {isa = PBXBuildFile; fileRef = 95FF93E91C6A3918007CB25E /* AppDelegate.m */; };
		95FF93ED1C6A3918007CB25E /* ViewController.m in Sources */ = {isa = PBXBuildFile; fileRef = 95FF93EC1C6A3918007CB25E /* ViewController.m */; };
		95FF93F01C6A3918007CB25E /* Main.storyboard in Resources */ = {isa = PBXBuildFile; fileRef = 95FF93EE1C6A3918007CB25E /* Main.storyboard */; };
		95FF93F21C6A3918007CB25E /* Assets.xcassets in Resources */ = {isa = PBXBuildFile; fileRef = 95FF93F11C6A3918007CB25E /* Assets.xcassets */; };
		95FF93F51C6A3918007CB25E /* LaunchScreen.storyboard in Resources */ = {isa = PBXBuildFile; fileRef = 95FF93F31C6A3918007CB25E /* LaunchScreen.storyboard */; };
/* End PBXBuildFile section */

/* Begin PBXFileReference section */
		95FF93E21C6A3918007CB25E /* SecureLocalStorage.app */ = {isa = PBXFileReference; explicitFileType = wrapper.application; includeInIndex = 0; path = SecureLocalStorage.app; sourceTree = BUILT_PRODUCTS_DIR; };
		95FF93E61C6A3918007CB25E /* main.m */ = {isa = PBXFileReference; lastKnownFileType = sourcecode.c.objc; path = main.m; sourceTree = "<group>"; };
		95FF93E81C6A3918007CB25E /* AppDelegate.h */ = {isa = PBXFileReference; lastKnownFileType = sourcecode.c.h; path = AppDelegate.h; sourceTree = "<group>"; };
		95FF93E91C6A3918007CB25E /* AppDelegate.m */ = {isa = PBXFileReference; lastKnownFileType = sourcecode.c.objc; path = AppDelegate.m; sourceTree = "<group>"; };
		95FF93EB1C6A3918007CB25E /* ViewController.h */ = {isa = PBXFileReference; lastKnownFileType = sourcecode.c.h; path = ViewController.h; sourceTree = "<group>"; };
		95FF93EC1C6A3918007CB25E /* ViewController.m */ = {isa = PBXFileReference; lastKnownFileType = sourcecode.c.objc; path = ViewController.m; sourceTree = "<group>"; };
		95FF93EF1C6A3918007CB25E /* Base */ = {isa = PBXFileReference; lastKnownFileType = file.storyboard; name = Base; path = Base.lproj/Main.storyboard; sourceTree = "<group>"; };
		95FF93F11C6A3918007CB25E /* Assets.xcassets */ = {isa = PBXFileReference; lastKnownFileType = folder.assetcatalog; path = Assets.xcassets; sourceTree = "<group>"; };
		95FF93F41C6A3918007CB25E /* Base */ = {isa = PBXFileReference; lastKnownFileType = file.storyboard; name = Base; path = Base.lproj/LaunchScreen.storyboard; sourceTree = "<group>"; };
		95FF93F61C6A3918007CB25E /* Info.plist */ = {isa = PBXFileReference; lastKnownFileType = text.plist.xml; path = Info.plist; sourceTree = "<group>"; };
/* End PBXFileReference section */

/* Begin PBXFrameworksBuildPhase section */
		95FF93DF1C6A3918007CB25E /* Frameworks */ = {
			isa = PBXFrameworksBuildPhase;
			buildActionMask = 2147483647;
			files = (
			);
			runOnlyForDeploymentPostprocessing = 0;
		};
/* End PBXFrameworksBuildPhase section */

/* Begin PBXGroup section */
		95FF93D91C6A3918007CB25E = {
			isa = PBXGroup;
			children = (
				95FF93E41C6A3918007CB25E /* SecureLocalStorage */,
				95FF93E31C6A3918007CB25E /* Products */,
			);
			sourceTree = "<group>";
		};
		95FF93E31C6A3918007CB25E /* Products */ = {
			isa = PBXGroup;
			children = (
				95FF93E21C6A3918007CB25E /* SecureLocalStorage.app */,
			);
			name = Products;
			sourceTree = "<group>";
		};
		95FF93E41C6A3918007CB25E /* SecureLocalStorage */ = {
			isa = PBXGroup;
			children = (
				95FF93E81C6A3918007CB25E /* AppDelegate.h */,
				95FF93E91C6A3918007CB25E /* AppDelegate.m */,
				95FF93EB1C6A3918007CB25E /* ViewController.h */,
				95FF93EC1C6A3918007CB25E /* ViewController.m */,
				95FF93EE1C6A3918007CB25E /* Main.storyboard */,
				95FF93F11C6A3918007CB25E /* Assets.xcassets */,
				95FF93F31C6A3918007CB25E /* LaunchScreen.storyboard */,
				95FF93F61C6A3918007CB25E /* Info.plist */,
				95FF93E51C6A3918007CB25E /* Supporting Files */,
			);
			path = SecureLocalStorage;
			sourceTree = "<group>";
		};
		95FF93E51C6A3918007CB25E /* Supporting Files */ = {
			isa = PBXGroup;
			children = (
				95FF93E61C6A3918007CB25E /* main.m */,
			);
			name = "Supporting Files";
			sourceTree = "<group>";
		};
/* End PBXGroup section */

/* Begin PBXNativeTarget section */
		95FF93E11C6A3918007CB25E /* SecureLocalStorage */ = {
			isa = PBXNativeTarget;
			buildConfigurationList = 95FF93F91C6A3918007CB25E /* Build configuration list for PBXNativeTarget "SecureLocalStorage" */;
			buildPhases = (
				95FF93DE1C6A3918007CB25E /* Sources */,
				95FF93DF1C6A3918007CB25E /* Frameworks */,
				95FF93E01C6A3918007CB25E /* Resources */,
			);
			buildRules = (
			);
			dependencies = (
			);
			name = SecureLocalStorage;
			productName = SecureLocalStorage;
			productReference = 95FF93E21C6A3918007CB25E /* SecureLocalStorage.app */;
			productType = "com.apple.product-type.application";
		};
/* End PBXNativeTarget section */

/* Begin PBXProject section */
		95FF93DA1C6A3918007CB25E /* Project object */ = {
			isa = PBXProject;
			attributes = {
				LastUpgradeCheck = 0720;
				ORGANIZATIONNAME = Ashwin;
				TargetAttributes = {
					95FF93E11C6A3918007CB25E = {
						CreatedOnToolsVersion = 7.2;
					};
				};
			};
			buildConfigurationList = 95FF93DD1C6A3918007CB25E /* Build configuration list for PBXProject "SecureLocalStorage" */;
			compatibilityVersion = "Xcode 3.2";
			developmentRegion = English;
			hasScannedForEncodings = 0;
			knownRegions = (
				en,
				Base,
			);
			mainGroup = 95FF93D91C6A3918007CB25E;
			productRefGroup = 95FF93E31C6A3918007CB25E /* Products */;
			projectDirPath = "";
			projectRoot = "";
			targets = (
				95FF93E11C6A3918007CB25E /* SecureLocalStorage */,
			);
		};
/* End PBXProject section */

/* Begin PBXResourcesBuildPhase section */
		95FF93E01C6A3918007CB25E /* Resources */ = {
			isa = PBXResourcesBuildPhase;
			buildActionMask = 2147483647;
			files = (
				95FF93F51C6A3918007CB25E /* LaunchScreen.storyboard in Resources */,
				95FF93F21C6A3918007CB25E /* Assets.xcassets in Resources */,
				95FF93F01C6A3918007CB25E /* Main.storyboard in Resources */,
			);
			runOnlyForDeploymentPostprocessing = 0;
		};
/* End PBXResourcesBuildPhase section */

/* Begin PBXSourcesBuildPhase section */
		95FF93DE1C6A3918007CB25E /* Sources */ = {
			isa = PBXSourcesBuildPhase;
			buildActionMask = 2147483647;
			files = (
				95FF93ED1C6A3918007CB25E /* ViewController.m in Sources */,
				95FF93EA1C6A3918007CB25E /* AppDelegate.m in Sources */,
				95FF93E71C6A3918007CB25E /* main.m in Sources */,
			);
			runOnlyForDeploymentPostprocessing = 0;
		};
/* End PBXSourcesBuildPhase section */

/* Begin PBXVariantGroup section */
		95FF93EE1C6A3918007CB25E /* Main.storyboard */ = {
			isa = PBXVariantGroup;
			children = (
				95FF93EF1C6A3918007CB25E /* Base */,
			);
			name = Main.storyboard;
			sourceTree = "<group>";
		};
		95FF93F31C6A3918007CB25E /* LaunchScreen.storyboard */ = {
			isa = PBXVariantGroup;
			children = (
				95FF93F41C6A3918007CB25E /* Base */,
			);
			name = LaunchScreen.storyboard;
			sourceTree = "<group>";
		};
/* End PBXVariantGroup section */

/* Begin XCBuildConfiguration section */
		95FF93F71C6A3918007CB25E /* Debug */ = {
			isa = XCBuildConfiguration;
			buildSettings = {
				ALWAYS_SEARCH_USER_PATHS = NO;
				CLANG_CXX_LANGUAGE_STANDARD = "gnu++0x";
				CLANG_CXX_LIBRARY = "libc++";
				CLANG_ENABLE_MODULES = YES;
				CLANG_ENABLE_OBJC_ARC = YES;
				CLANG_WARN_BOOL_CONVERSION = YES;
				CLANG_WARN_CONSTANT_CONVERSION = YES;
				CLANG_WARN_DIRECT_OBJC_ISA_USAGE = YES_ERROR;
				CLANG_WARN_EMPTY_BODY = YES;
				CLANG_WARN_ENUM_CONVERSION = YES;
				CLANG_WARN_INT_CONVERSION = YES;
				CLANG_WARN_OBJC_ROOT_CLASS = YES_ERROR;
				CLANG_WARN_UNREACHABLE_CODE = YES;
				CLANG_WARN__DUPLICATE_METHOD_MATCH = YES;
				"CODE_SIGN_IDENTITY[sdk=iphoneos*]" = "iPhone Developer";
				COPY_PHASE_STRIP = NO;
				DEBUG_INFORMATION_FORMAT = dwarf;
				ENABLE_STRICT_OBJC_MSGSEND = YES;
				ENABLE_TESTABILITY = YES;
				GCC_C_LANGUAGE_STANDARD = gnu99;
				GCC_DYNAMIC_NO_PIC = NO;
				GCC_NO_COMMON_BLOCKS = YES;
				GCC_OPTIMIZATION_LEVEL = 0;
				GCC_PREPROCESSOR_DEFINITIONS = (
					"DEBUG=1",
					"$(inherited)",
				);
				GCC_WARN_64_TO_32_BIT_CONVERSION = YES;
				GCC_WARN_ABOUT_RETURN_TYPE = YES_ERROR;
				GCC_WARN_UNDECLARED_SELECTOR = YES;
				GCC_WARN_UNINITIALIZED_AUTOS = YES_AGGRESSIVE;
				GCC_WARN_UNUSED_FUNCTION = YES;
				GCC_WARN_UNUSED_VARIABLE = YES;
				IPHONEOS_DEPLOYMENT_TARGET = 9.2;
				MTL_ENABLE_DEBUG_INFO = YES;
				ONLY_ACTIVE_ARCH = YES;
				SDKROOT = iphoneos;
			};
			name = Debug;
		};
		95FF93F81C6A3918007CB25E /* Release */ = {
			isa = XCBuildConfiguration;
			buildSettings = {
				ALWAYS_SEARCH_USER_PATHS = NO;
				CLANG_CXX_LANGUAGE_STANDARD = "gnu++0x";
				CLANG_CXX_LIBRARY = "libc++";
				CLANG_ENABLE_MODULES = YES;
				CLANG_ENABLE_OBJC_ARC = YES;
				CLANG_WARN_BOOL_CONVERSION = YES;
				CLANG_WARN_CONSTANT_CONVERSION = YES;
				CLANG_WARN_DIRECT_OBJC_ISA_USAGE = YES_ERROR;
				CLANG_WARN_EMPTY_BODY = YES;
				CLANG_WARN_ENUM_CONVERSION = YES;
				CLANG_WARN_INT_CONVERSION = YES;
				CLANG_WARN_OBJC_ROOT_CLASS = YES_ERROR;
				CLANG_WARN_UNREACHABLE_CODE = YES;
				CLANG_WARN__DUPLICATE_METHOD_MATCH = YES;
				"CODE_SIGN_IDENTITY[sdk=iphoneos*]" = "iPhone Developer";
				COPY_PHASE_STRIP = NO;
				DEBUG_INFORMATION_FORMAT = "dwarf-with-dsym";
				ENABLE_NS_ASSERTIONS = NO;
				ENABLE_STRICT_OBJC_MSGSEND = YES;
				GCC_C_LANGUAGE_STANDARD = gnu99;
				GCC_NO_COMMON_BLOCKS = YES;
				GCC_WARN_64_TO_32_BIT_CONVERSION = YES;
				GCC_WARN_ABOUT_RETURN_TYPE = YES_ERROR;
				GCC_WARN_UNDECLARED_SELECTOR = YES;
				GCC_WARN_UNINITIALIZED_AUTOS = YES_AGGRESSIVE;
				GCC_WARN_UNUSED_FUNCTION = YES;
				GCC_WARN_UNUSED_VARIABLE = YES;
				IPHONEOS_DEPLOYMENT_TARGET = 9.2;
				MTL_ENABLE_DEBUG_INFO = NO;
				SDKROOT = iphoneos;
				VALIDATE_PRODUCT = YES;
			};
			name = Release;
		};
		95FF93FA1C6A3918007CB25E /* Debug */ = {
			isa = XCBuildConfiguration;
			buildSettings = {
				ASSETCATALOG_COMPILER_APPICON_NAME = AppIcon;
				INFOPLIST_FILE = SecureLocalStorage/Info.plist;
				IPHONEOS_DEPLOYMENT_TARGET = 8.1;
				LD_RUNPATH_SEARCH_PATHS = "$(inherited) @executable_path/Frameworks";
				PRODUCT_BUNDLE_IDENTIFIER = arwin.SecureLocalStorage;
				PRODUCT_NAME = "$(TARGET_NAME)";
			};
			name = Debug;
		};
		95FF93FB1C6A3918007CB25E /* Release */ = {
			isa = XCBuildConfiguration;
			buildSettings = {
				ASSETCATALOG_COMPILER_APPICON_NAME = AppIcon;
				INFOPLIST_FILE = SecureLocalStorage/Info.plist;
				IPHONEOS_DEPLOYMENT_TARGET = 8.1;
				LD_RUNPATH_SEARCH_PATHS = "$(inherited) @executable_path/Frameworks";
				PRODUCT_BUNDLE_IDENTIFIER = arwin.SecureLocalStorage;
				PRODUCT_NAME = "$(TARGET_NAME)";
			};
			name = Release;
		};
/* End XCBuildConfiguration section */

/* Begin XCConfigurationList section */
		95FF93DD1C6A3918007CB25E /* Build configuration list for PBXProject "SecureLocalStorage" */ = {
			isa = XCConfigurationList;
			buildConfigurations = (
				95FF93F71C6A3918007CB25E /* Debug */,
				95FF93F81C6A3918007CB25E /* Release */,
			);
			defaultConfigurationIsVisible = 0;
			defaultConfigurationName = Release;
		};
		95FF93F91C6A3918007CB25E /* Build configuration list for PBXNativeTarget "SecureLocalStorage" */ = {
			isa = XCConfigurationList;
			buildConfigurations = (
				95FF93FA1C6A3918007CB25E /* Debug */,
				95FF93FB1C6A3918007CB25E /* Release */,
			);
			defaultConfigurationIsVisible = 0;
			defaultConfigurationName = Release;
		};
/* End XCConfigurationList section */
	};
	rootObject = 95FF93DA1C6A3918007CB25E /* Project object */;
}
